// !$*UTF8*$!
{
	archiveVersion = 1;
	classes = {
	};
	objectVersion = 56;
	objects = {

/* Begin PBXBuildFile section */
		266D7C5A2AB8E70700EF1C25 /* WorkoutGeneratorApp.swift in Sources */ = {isa = PBXBuildFile; fileRef = 266D7C592AB8E70700EF1C25 /* WorkoutGeneratorApp.swift */; };
		266D7C5C2AB8E70700EF1C25 /* HomeScreen.swift in Sources */ = {isa = PBXBuildFile; fileRef = 266D7C5B2AB8E70700EF1C25 /* HomeScreen.swift */; };
		266D7C5E2AB8E70A00EF1C25 /* Assets.xcassets in Resources */ = {isa = PBXBuildFile; fileRef = 266D7C5D2AB8E70A00EF1C25 /* Assets.xcassets */; };
		266D7C612AB8E70A00EF1C25 /* Preview Assets.xcassets in Resources */ = {isa = PBXBuildFile; fileRef = 266D7C602AB8E70A00EF1C25 /* Preview Assets.xcassets */; };
		266D7C6A2AB8E78F00EF1C25 /* GenerateWorkoutView.swift in Sources */ = {isa = PBXBuildFile; fileRef = 266D7C692AB8E78F00EF1C25 /* GenerateWorkoutView.swift */; };
		266D7C6C2AB8E85200EF1C25 /* WorkoutSheet.swift in Sources */ = {isa = PBXBuildFile; fileRef = 266D7C6B2AB8E85200EF1C25 /* WorkoutSheet.swift */; };
		266D7C6E2AB8E8B000EF1C25 /* Model.swift in Sources */ = {isa = PBXBuildFile; fileRef = 266D7C6D2AB8E8B000EF1C25 /* Model.swift */; };
		266D7C702AB8EB2E00EF1C25 /* SavedWorkouts.swift in Sources */ = {isa = PBXBuildFile; fileRef = 266D7C6F2AB8EB2E00EF1C25 /* SavedWorkouts.swift */; };
		D71D43AA2BFD2BB600C4ED93 /* PreviewWorkoutView.swift in Sources */ = {isa = PBXBuildFile; fileRef = D71D43A92BFD2BB600C4ED93 /* PreviewWorkoutView.swift */; };
		D71D43AD2BFD536900C4ED93 /* Lottie in Frameworks */ = {isa = PBXBuildFile; productRef = D71D43AC2BFD536900C4ED93 /* Lottie */; };
		D74732B62BFE63E900A00767 /* GenerateWorkoutViewModel.swift in Sources */ = {isa = PBXBuildFile; fileRef = D74732B52BFE63E900A00767 /* GenerateWorkoutViewModel.swift */; };
		D74732B82BFE63F500A00767 /* PreviewWorkoutViewModel.swift in Sources */ = {isa = PBXBuildFile; fileRef = D74732B72BFE63F500A00767 /* PreviewWorkoutViewModel.swift */; };
/* End PBXBuildFile section */

/* Begin PBXFileReference section */
		266D7C562AB8E70700EF1C25 /* WorkoutGenerator.app */ = {isa = PBXFileReference; explicitFileType = wrapper.application; includeInIndex = 0; path = WorkoutGenerator.app; sourceTree = BUILT_PRODUCTS_DIR; };
		266D7C592AB8E70700EF1C25 /* WorkoutGeneratorApp.swift */ = {isa = PBXFileReference; lastKnownFileType = sourcecode.swift; path = WorkoutGeneratorApp.swift; sourceTree = "<group>"; };
		266D7C5B2AB8E70700EF1C25 /* HomeScreen.swift */ = {isa = PBXFileReference; lastKnownFileType = sourcecode.swift; path = HomeScreen.swift; sourceTree = "<group>"; };
		266D7C5D2AB8E70A00EF1C25 /* Assets.xcassets */ = {isa = PBXFileReference; lastKnownFileType = folder.assetcatalog; path = Assets.xcassets; sourceTree = "<group>"; };
		266D7C602AB8E70A00EF1C25 /* Preview Assets.xcassets */ = {isa = PBXFileReference; lastKnownFileType = folder.assetcatalog; path = "Preview Assets.xcassets"; sourceTree = "<group>"; };
		266D7C692AB8E78F00EF1C25 /* GenerateWorkoutView.swift */ = {isa = PBXFileReference; lastKnownFileType = sourcecode.swift; path = GenerateWorkoutView.swift; sourceTree = "<group>"; };
		266D7C6B2AB8E85200EF1C25 /* WorkoutSheet.swift */ = {isa = PBXFileReference; lastKnownFileType = sourcecode.swift; path = WorkoutSheet.swift; sourceTree = "<group>"; };
		266D7C6D2AB8E8B000EF1C25 /* Model.swift */ = {isa = PBXFileReference; lastKnownFileType = sourcecode.swift; path = Model.swift; sourceTree = "<group>"; };
		266D7C6F2AB8EB2E00EF1C25 /* SavedWorkouts.swift */ = {isa = PBXFileReference; lastKnownFileType = sourcecode.swift; path = SavedWorkouts.swift; sourceTree = "<group>"; };
		D71D43A92BFD2BB600C4ED93 /* PreviewWorkoutView.swift */ = {isa = PBXFileReference; lastKnownFileType = sourcecode.swift; path = PreviewWorkoutView.swift; sourceTree = "<group>"; };
		D74732B52BFE63E900A00767 /* GenerateWorkoutViewModel.swift */ = {isa = PBXFileReference; lastKnownFileType = sourcecode.swift; path = GenerateWorkoutViewModel.swift; sourceTree = "<group>"; };
		D74732B72BFE63F500A00767 /* PreviewWorkoutViewModel.swift */ = {isa = PBXFileReference; lastKnownFileType = sourcecode.swift; path = PreviewWorkoutViewModel.swift; sourceTree = "<group>"; };
/* End PBXFileReference section */

/* Begin PBXFrameworksBuildPhase section */
		266D7C532AB8E70700EF1C25 /* Frameworks */ = {
			isa = PBXFrameworksBuildPhase;
			buildActionMask = 2147483647;
			files = (
				D71D43AD2BFD536900C4ED93 /* Lottie in Frameworks */,
			);
			runOnlyForDeploymentPostprocessing = 0;
		};
/* End PBXFrameworksBuildPhase section */

/* Begin PBXGroup section */
		266D7C4D2AB8E70700EF1C25 = {
			isa = PBXGroup;
			children = (
				266D7C582AB8E70700EF1C25 /* WorkoutGenerator */,
				266D7C572AB8E70700EF1C25 /* Products */,
			);
			sourceTree = "<group>";
		};
		266D7C572AB8E70700EF1C25 /* Products */ = {
			isa = PBXGroup;
			children = (
				266D7C562AB8E70700EF1C25 /* WorkoutGenerator.app */,
			);
			name = Products;
			sourceTree = "<group>";
		};
		266D7C582AB8E70700EF1C25 /* WorkoutGenerator */ = {
			isa = PBXGroup;
			children = (
				D74732B42BFE63C500A00767 /* SavedWorkouts */,
				D74732B32BFE63A400A00767 /* GenerateWorkout */,
				266D7C592AB8E70700EF1C25 /* WorkoutGeneratorApp.swift */,
				266D7C5B2AB8E70700EF1C25 /* HomeScreen.swift */,
				266D7C6B2AB8E85200EF1C25 /* WorkoutSheet.swift */,
				266D7C6D2AB8E8B000EF1C25 /* Model.swift */,
				266D7C5D2AB8E70A00EF1C25 /* Assets.xcassets */,
				266D7C5F2AB8E70A00EF1C25 /* Preview Content */,
			);
			path = WorkoutGenerator;
			sourceTree = "<group>";
		};
		266D7C5F2AB8E70A00EF1C25 /* Preview Content */ = {
			isa = PBXGroup;
			children = (
				266D7C602AB8E70A00EF1C25 /* Preview Assets.xcassets */,
			);
			path = "Preview Content";
			sourceTree = "<group>";
		};
		D74732B32BFE63A400A00767 /* GenerateWorkout */ = {
			isa = PBXGroup;
			children = (
				266D7C692AB8E78F00EF1C25 /* GenerateWorkoutView.swift */,
				D71D43A92BFD2BB600C4ED93 /* PreviewWorkoutView.swift */,
				D74732B52BFE63E900A00767 /* GenerateWorkoutViewModel.swift */,
				D74732B72BFE63F500A00767 /* PreviewWorkoutViewModel.swift */,
			);
			path = GenerateWorkout;
			sourceTree = "<group>";
		};
		D74732B42BFE63C500A00767 /* SavedWorkouts */ = {
			isa = PBXGroup;
			children = (
				266D7C6F2AB8EB2E00EF1C25 /* SavedWorkouts.swift */,
			);
			path = SavedWorkouts;
			sourceTree = "<group>";
		};
/* End PBXGroup section */

/* Begin PBXNativeTarget section */
		266D7C552AB8E70700EF1C25 /* WorkoutGenerator */ = {
			isa = PBXNativeTarget;
			buildConfigurationList = 266D7C642AB8E70A00EF1C25 /* Build configuration list for PBXNativeTarget "WorkoutGenerator" */;
			buildPhases = (
				266D7C522AB8E70700EF1C25 /* Sources */,
				266D7C532AB8E70700EF1C25 /* Frameworks */,
				266D7C542AB8E70700EF1C25 /* Resources */,
			);
			buildRules = (
			);
			dependencies = (
			);
			name = WorkoutGenerator;
			packageProductDependencies = (
				D71D43AC2BFD536900C4ED93 /* Lottie */,
			);
			productName = WorkoutGenerator;
			productReference = 266D7C562AB8E70700EF1C25 /* WorkoutGenerator.app */;
			productType = "com.apple.product-type.application";
		};
/* End PBXNativeTarget section */

/* Begin PBXProject section */
		266D7C4E2AB8E70700EF1C25 /* Project object */ = {
			isa = PBXProject;
			attributes = {
				BuildIndependentTargetsInParallel = 1;
				LastSwiftUpdateCheck = 1500;
				LastUpgradeCheck = 1500;
				TargetAttributes = {
					266D7C552AB8E70700EF1C25 = {
						CreatedOnToolsVersion = 15.0;
					};
				};
			};
			buildConfigurationList = 266D7C512AB8E70700EF1C25 /* Build configuration list for PBXProject "WorkoutGenerator" */;
			compatibilityVersion = "Xcode 14.0";
			developmentRegion = en;
			hasScannedForEncodings = 0;
			knownRegions = (
				en,
				Base,
			);
			mainGroup = 266D7C4D2AB8E70700EF1C25;
			packageReferences = (
				D71D43AB2BFD536900C4ED93 /* XCRemoteSwiftPackageReference "lottie-ios" */,
			);
			productRefGroup = 266D7C572AB8E70700EF1C25 /* Products */;
			projectDirPath = "";
			projectRoot = "";
			targets = (
				266D7C552AB8E70700EF1C25 /* WorkoutGenerator */,
			);
		};
/* End PBXProject section */

/* Begin PBXResourcesBuildPhase section */
		266D7C542AB8E70700EF1C25 /* Resources */ = {
			isa = PBXResourcesBuildPhase;
			buildActionMask = 2147483647;
			files = (
				266D7C612AB8E70A00EF1C25 /* Preview Assets.xcassets in Resources */,
				266D7C5E2AB8E70A00EF1C25 /* Assets.xcassets in Resources */,
			);
			runOnlyForDeploymentPostprocessing = 0;
		};
/* End PBXResourcesBuildPhase section */

/* Begin PBXSourcesBuildPhase section */
		266D7C522AB8E70700EF1C25 /* Sources */ = {
			isa = PBXSourcesBuildPhase;
			buildActionMask = 2147483647;
			files = (
				D74732B62BFE63E900A00767 /* GenerateWorkoutViewModel.swift in Sources */,
				266D7C6C2AB8E85200EF1C25 /* WorkoutSheet.swift in Sources */,
				266D7C702AB8EB2E00EF1C25 /* SavedWorkouts.swift in Sources */,
				D71D43AA2BFD2BB600C4ED93 /* PreviewWorkoutView.swift in Sources */,
				266D7C5C2AB8E70700EF1C25 /* HomeScreen.swift in Sources */,
				266D7C5A2AB8E70700EF1C25 /* WorkoutGeneratorApp.swift in Sources */,
				266D7C6E2AB8E8B000EF1C25 /* Model.swift in Sources */,
				D74732B82BFE63F500A00767 /* PreviewWorkoutViewModel.swift in Sources */,
				266D7C6A2AB8E78F00EF1C25 /* GenerateWorkoutView.swift in Sources */,
			);
			runOnlyForDeploymentPostprocessing = 0;
		};
/* End PBXSourcesBuildPhase section */

/* Begin XCBuildConfiguration section */
		266D7C622AB8E70A00EF1C25 /* Debug */ = {
			isa = XCBuildConfiguration;
			buildSettings = {
				ALWAYS_SEARCH_USER_PATHS = NO;
				ASSETCATALOG_COMPILER_GENERATE_SWIFT_ASSET_SYMBOL_EXTENSIONS = YES;
				CLANG_ANALYZER_NONNULL = YES;
				CLANG_ANALYZER_NUMBER_OBJECT_CONVERSION = YES_AGGRESSIVE;
				CLANG_CXX_LANGUAGE_STANDARD = "gnu++20";
				CLANG_ENABLE_MODULES = YES;
				CLANG_ENABLE_OBJC_ARC = YES;
				CLANG_ENABLE_OBJC_WEAK = YES;
				CLANG_WARN_BLOCK_CAPTURE_AUTORELEASING = YES;
				CLANG_WARN_BOOL_CONVERSION = YES;
				CLANG_WARN_COMMA = YES;
				CLANG_WARN_CONSTANT_CONVERSION = YES;
				CLANG_WARN_DEPRECATED_OBJC_IMPLEMENTATIONS = YES;
				CLANG_WARN_DIRECT_OBJC_ISA_USAGE = YES_ERROR;
				CLANG_WARN_DOCUMENTATION_COMMENTS = YES;
				CLANG_WARN_EMPTY_BODY = YES;
				CLANG_WARN_ENUM_CONVERSION = YES;
				CLANG_WARN_INFINITE_RECURSION = YES;
				CLANG_WARN_INT_CONVERSION = YES;
				CLANG_WARN_NON_LITERAL_NULL_CONVERSION = YES;
				CLANG_WARN_OBJC_IMPLICIT_RETAIN_SELF = YES;
				CLANG_WARN_OBJC_LITERAL_CONVERSION = YES;
				CLANG_WARN_OBJC_ROOT_CLASS = YES_ERROR;
				CLANG_WARN_QUOTED_INCLUDE_IN_FRAMEWORK_HEADER = YES;
				CLANG_WARN_RANGE_LOOP_ANALYSIS = YES;
				CLANG_WARN_STRICT_PROTOTYPES = YES;
				CLANG_WARN_SUSPICIOUS_MOVE = YES;
				CLANG_WARN_UNGUARDED_AVAILABILITY = YES_AGGRESSIVE;
				CLANG_WARN_UNREACHABLE_CODE = YES;
				CLANG_WARN__DUPLICATE_METHOD_MATCH = YES;
				COPY_PHASE_STRIP = NO;
				DEBUG_INFORMATION_FORMAT = dwarf;
				ENABLE_STRICT_OBJC_MSGSEND = YES;
				ENABLE_TESTABILITY = YES;
				ENABLE_USER_SCRIPT_SANDBOXING = YES;
				GCC_C_LANGUAGE_STANDARD = gnu17;
				GCC_DYNAMIC_NO_PIC = NO;
				GCC_NO_COMMON_BLOCKS = YES;
				GCC_OPTIMIZATION_LEVEL = 0;
				GCC_PREPROCESSOR_DEFINITIONS = (
					"DEBUG=1",
					"$(inherited)",
				);
				GCC_WARN_64_TO_32_BIT_CONVERSION = YES;
				GCC_WARN_ABOUT_RETURN_TYPE = YES_ERROR;
				GCC_WARN_UNDECLARED_SELECTOR = YES;
				GCC_WARN_UNINITIALIZED_AUTOS = YES_AGGRESSIVE;
				GCC_WARN_UNUSED_FUNCTION = YES;
				GCC_WARN_UNUSED_VARIABLE = YES;
				IPHONEOS_DEPLOYMENT_TARGET = 17.0;
				LOCALIZATION_PREFERS_STRING_CATALOGS = YES;
				MTL_ENABLE_DEBUG_INFO = INCLUDE_SOURCE;
				MTL_FAST_MATH = YES;
				ONLY_ACTIVE_ARCH = YES;
				SDKROOT = iphoneos;
				SWIFT_ACTIVE_COMPILATION_CONDITIONS = "DEBUG $(inherited)";
				SWIFT_OPTIMIZATION_LEVEL = "-Onone";
			};
			name = Debug;
		};
		266D7C632AB8E70A00EF1C25 /* Release */ = {
			isa = XCBuildConfiguration;
			buildSettings = {
				ALWAYS_SEARCH_USER_PATHS = NO;
				ASSETCATALOG_COMPILER_GENERATE_SWIFT_ASSET_SYMBOL_EXTENSIONS = YES;
				CLANG_ANALYZER_NONNULL = YES;
				CLANG_ANALYZER_NUMBER_OBJECT_CONVERSION = YES_AGGRESSIVE;
				CLANG_CXX_LANGUAGE_STANDARD = "gnu++20";
				CLANG_ENABLE_MODULES = YES;
				CLANG_ENABLE_OBJC_ARC = YES;
				CLANG_ENABLE_OBJC_WEAK = YES;
				CLANG_WARN_BLOCK_CAPTURE_AUTORELEASING = YES;
				CLANG_WARN_BOOL_CONVERSION = YES;
				CLANG_WARN_COMMA = YES;
				CLANG_WARN_CONSTANT_CONVERSION = YES;
				CLANG_WARN_DEPRECATED_OBJC_IMPLEMENTATIONS = YES;
				CLANG_WARN_DIRECT_OBJC_ISA_USAGE = YES_ERROR;
				CLANG_WARN_DOCUMENTATION_COMMENTS = YES;
				CLANG_WARN_EMPTY_BODY = YES;
				CLANG_WARN_ENUM_CONVERSION = YES;
				CLANG_WARN_INFINITE_RECURSION = YES;
				CLANG_WARN_INT_CONVERSION = YES;
				CLANG_WARN_NON_LITERAL_NULL_CONVERSION = YES;
				CLANG_WARN_OBJC_IMPLICIT_RETAIN_SELF = YES;
				CLANG_WARN_OBJC_LITERAL_CONVERSION = YES;
				CLANG_WARN_OBJC_ROOT_CLASS = YES_ERROR;
				CLANG_WARN_QUOTED_INCLUDE_IN_FRAMEWORK_HEADER = YES;
				CLANG_WARN_RANGE_LOOP_ANALYSIS = YES;
				CLANG_WARN_STRICT_PROTOTYPES = YES;
				CLANG_WARN_SUSPICIOUS_MOVE = YES;
				CLANG_WARN_UNGUARDED_AVAILABILITY = YES_AGGRESSIVE;
				CLANG_WARN_UNREACHABLE_CODE = YES;
				CLANG_WARN__DUPLICATE_METHOD_MATCH = YES;
				COPY_PHASE_STRIP = NO;
				DEBUG_INFORMATION_FORMAT = "dwarf-with-dsym";
				ENABLE_NS_ASSERTIONS = NO;
				ENABLE_STRICT_OBJC_MSGSEND = YES;
				ENABLE_USER_SCRIPT_SANDBOXING = YES;
				GCC_C_LANGUAGE_STANDARD = gnu17;
				GCC_NO_COMMON_BLOCKS = YES;
				GCC_WARN_64_TO_32_BIT_CONVERSION = YES;
				GCC_WARN_ABOUT_RETURN_TYPE = YES_ERROR;
				GCC_WARN_UNDECLARED_SELECTOR = YES;
				GCC_WARN_UNINITIALIZED_AUTOS = YES_AGGRESSIVE;
				GCC_WARN_UNUSED_FUNCTION = YES;
				GCC_WARN_UNUSED_VARIABLE = YES;
				IPHONEOS_DEPLOYMENT_TARGET = 17.0;
				LOCALIZATION_PREFERS_STRING_CATALOGS = YES;
				MTL_ENABLE_DEBUG_INFO = NO;
				MTL_FAST_MATH = YES;
				SDKROOT = iphoneos;
				SWIFT_COMPILATION_MODE = wholemodule;
				VALIDATE_PRODUCT = YES;
			};
			name = Release;
		};
		266D7C652AB8E70A00EF1C25 /* Debug */ = {
			isa = XCBuildConfiguration;
			buildSettings = {
				ASSETCATALOG_COMPILER_APPICON_NAME = AppIcon;
				ASSETCATALOG_COMPILER_GLOBAL_ACCENT_COLOR_NAME = AccentColor;
				CODE_SIGN_STYLE = Automatic;
				CURRENT_PROJECT_VERSION = 1;
				DEVELOPMENT_ASSET_PATHS = "\"WorkoutGenerator/Preview Content\"";
				DEVELOPMENT_TEAM = A97YK93V9A;
				ENABLE_PREVIEWS = YES;
				GENERATE_INFOPLIST_FILE = YES;
				INFOPLIST_KEY_UIApplicationSceneManifest_Generation = YES;
				INFOPLIST_KEY_UIApplicationSupportsIndirectInputEvents = YES;
				INFOPLIST_KEY_UILaunchScreen_Generation = YES;
				INFOPLIST_KEY_UISupportedInterfaceOrientations_iPad = "UIInterfaceOrientationPortrait UIInterfaceOrientationPortraitUpsideDown UIInterfaceOrientationLandscapeLeft UIInterfaceOrientationLandscapeRight";
				INFOPLIST_KEY_UISupportedInterfaceOrientations_iPhone = "UIInterfaceOrientationPortrait UIInterfaceOrientationLandscapeLeft UIInterfaceOrientationLandscapeRight";
				LD_RUNPATH_SEARCH_PATHS = (
					"$(inherited)",
					"@executable_path/Frameworks",
				);
				MARKETING_VERSION = 1.0;
				PRODUCT_BUNDLE_IDENTIFIER = test.WorkoutGenerator;
				PRODUCT_NAME = "$(TARGET_NAME)";
				SWIFT_EMIT_LOC_STRINGS = YES;
				SWIFT_VERSION = 5.0;
				TARGETED_DEVICE_FAMILY = "1,2";
			};
			name = Debug;
		};
		266D7C662AB8E70A00EF1C25 /* Release */ = {
			isa = XCBuildConfiguration;
			buildSettings = {
				ASSETCATALOG_COMPILER_APPICON_NAME = AppIcon;
				ASSETCATALOG_COMPILER_GLOBAL_ACCENT_COLOR_NAME = AccentColor;
				CODE_SIGN_STYLE = Automatic;
				CURRENT_PROJECT_VERSION = 1;
				DEVELOPMENT_ASSET_PATHS = "\"WorkoutGenerator/Preview Content\"";
				DEVELOPMENT_TEAM = A97YK93V9A;
				ENABLE_PREVIEWS = YES;
				GENERATE_INFOPLIST_FILE = YES;
				INFOPLIST_KEY_UIApplicationSceneManifest_Generation = YES;
				INFOPLIST_KEY_UIApplicationSupportsIndirectInputEvents = YES;
				INFOPLIST_KEY_UILaunchScreen_Generation = YES;
				INFOPLIST_KEY_UISupportedInterfaceOrientations_iPad = "UIInterfaceOrientationPortrait UIInterfaceOrientationPortraitUpsideDown UIInterfaceOrientationLandscapeLeft UIInterfaceOrientationLandscapeRight";
				INFOPLIST_KEY_UISupportedInterfaceOrientations_iPhone = "UIInterfaceOrientationPortrait UIInterfaceOrientationLandscapeLeft UIInterfaceOrientationLandscapeRight";
				LD_RUNPATH_SEARCH_PATHS = (
					"$(inherited)",
					"@executable_path/Frameworks",
				);
				MARKETING_VERSION = 1.0;
				PRODUCT_BUNDLE_IDENTIFIER = test.WorkoutGenerator;
				PRODUCT_NAME = "$(TARGET_NAME)";
				SWIFT_EMIT_LOC_STRINGS = YES;
				SWIFT_VERSION = 5.0;
				TARGETED_DEVICE_FAMILY = "1,2";
			};
			name = Release;
		};
/* End XCBuildConfiguration section */

/* Begin XCConfigurationList section */
		266D7C512AB8E70700EF1C25 /* Build configuration list for PBXProject "WorkoutGenerator" */ = {
			isa = XCConfigurationList;
			buildConfigurations = (
				266D7C622AB8E70A00EF1C25 /* Debug */,
				266D7C632AB8E70A00EF1C25 /* Release */,
			);
			defaultConfigurationIsVisible = 0;
			defaultConfigurationName = Release;
		};
		266D7C642AB8E70A00EF1C25 /* Build configuration list for PBXNativeTarget "WorkoutGenerator" */ = {
			isa = XCConfigurationList;
			buildConfigurations = (
				266D7C652AB8E70A00EF1C25 /* Debug */,
				266D7C662AB8E70A00EF1C25 /* Release */,
			);
			defaultConfigurationIsVisible = 0;
			defaultConfigurationName = Release;
		};
/* End XCConfigurationList section */

/* Begin XCRemoteSwiftPackageReference section */
		D71D43AB2BFD536900C4ED93 /* XCRemoteSwiftPackageReference "lottie-ios" */ = {
			isa = XCRemoteSwiftPackageReference;
			repositoryURL = "https://github.com/airbnb/lottie-ios.git";
			requirement = {
				kind = upToNextMajorVersion;
				minimumVersion = 4.4.3;
			};
		};
/* End XCRemoteSwiftPackageReference section */

/* Begin XCSwiftPackageProductDependency section */
		D71D43AC2BFD536900C4ED93 /* Lottie */ = {
			isa = XCSwiftPackageProductDependency;
			package = D71D43AB2BFD536900C4ED93 /* XCRemoteSwiftPackageReference "lottie-ios" */;
			productName = Lottie;
		};
/* End XCSwiftPackageProductDependency section */
	};
	rootObject = 266D7C4E2AB8E70700EF1C25 /* Project object */;
}
